
Microsoft Visual Studio Solution File, Format Version 12.00
# Visual Studio Version 17
VisualStudioVersion = 17.14.36203.30 d17.14
MinimumVisualStudioVersion = 10.0.40219.1
Project("{FAE04EC0-301F-11D3-BF4B-00C04F79EFBC}") = "git_cs", "git_cs\git_cs.csproj", "{B6C33C39-7940-4808-83C8-E737CBEFC7AF}"
EndProject
Global
	GlobalSection(SolutionConfigurationPlatforms) = preSolution
		Debug|Any CPU = Debug|Any CPU
		Release|Any CPU = Release|Any CPU
	EndGlobalSection
	GlobalSection(ProjectConfigurationPlatforms) = postSolution
		{B6C33C39-7940-4808-83C8-E737CBEFC7AF}.Debug|Any CPU.ActiveCfg = Debug|Any CPU
		{B6C33C39-7940-4808-83C8-E737CBEFC7AF}.Debug|Any CPU.Build.0 = Debug|Any CPU
		{B6C33C39-7940-4808-83C8-E737CBEFC7AF}.Release|Any CPU.ActiveCfg = Release|Any CPU
		{B6C33C39-7940-4808-83C8-E737CBEFC7AF}.Release|Any CPU.Build.0 = Release|Any CPU
	EndGlobalSection
	GlobalSection(SolutionProperties) = preSolution
		HideSolutionNode = FALSE
	EndGlobalSection
	GlobalSection(ExtensibilityGlobals) = postSolution
		SolutionGuid = {F7CD2ACF-23DE-4986-8A3D-C80B4B032BF8}
	EndGlobalSection
EndGlobal
